version = 1
revision = 2
requires-python = ">=3.12"

[[package]]
name = "boto3"
version = "1.39.9"
source = { registry = "https://pypi.org/simple" }
dependencies = [
    { name = "botocore" },
    { name = "jmespath" },
    { name = "s3transfer" },
]
sdist = { url = "https://files.pythonhosted.org/packages/9b/e5/7a0e98d88212b532fbf4b6fb6ace997c522a1b88d39d76d41b0f5ed14796/boto3-1.39.9.tar.gz", hash = "sha256:e3d3a6b617e1575e7ec854c820a882ab2e189a0421e74dc0dca2c9e13d4370a5", size = 111851, upload-time = "2025-07-18T19:22:50.28Z" }
wheels = [
    { url = "https://files.pythonhosted.org/packages/0b/82/faf1b3bab5a94c3a3cf9ddc8e04eee2bdc29d5b8da42d7cda905c505e311/boto3-1.39.9-py3-none-any.whl", hash = "sha256:5bc85e9fdec4e21ef5ca2c22b4d51a3e32b53f3da36ce51f5a3ea4dbde07b132", size = 139887, upload-time = "2025-07-18T19:22:48.85Z" },
]

[[package]]
name = "boto3-stubs"
version = "1.39.9"
source = { registry = "https://pypi.org/simple" }
dependencies = [
    { name = "botocore-stubs" },
    { name = "types-s3transfer" },
]
sdist = { url = "https://files.pythonhosted.org/packages/84/61/5f4488c4f924a82b9fcf1ed6f8ca9acec442728768e476bd1fd595d71653/boto3_stubs-1.39.9.tar.gz", hash = "sha256:9dea0d8c2db60244b2902ce2442b392fbe20ca69638251a02d475279c7de32da", size = 100670, upload-time = "2025-07-18T19:29:46.883Z" }
wheels = [
    { url = "https://files.pythonhosted.org/packages/f2/e0/624501ab94e0f074d7bd5796603e5bd9543e32b797313b0aedeb0fe90c9a/boto3_stubs-1.39.9-py3-none-any.whl", hash = "sha256:eb6541391a737a2c4c2f66c36a6bf7b4d69fe9669da21bd60855c30f514fab2d", size = 69590, upload-time = "2025-07-18T19:29:38.317Z" },
]

[package.optional-dependencies]
bedrock = [
    { name = "mypy-boto3-bedrock" },
]

[[package]]
name = "botocore"
version = "1.39.9"
source = { registry = "https://pypi.org/simple" }
dependencies = [
    { name = "jmespath" },
    { name = "python-dateutil" },
    { name = "urllib3" },
]
sdist = { url = "https://files.pythonhosted.org/packages/4d/d3/fd0a230e320a6e23932887fa6e508b90ccad2c1be77d4e88855cfad9cbe7/botocore-1.39.9.tar.gz", hash = "sha256:02f141c2849e4589a79feea245ce4ecc478d48b7865572445af8aae3b041772d", size = 14215273, upload-time = "2025-07-18T19:22:38.011Z" }
wheels = [
    { url = "https://files.pythonhosted.org/packages/07/2d/951352b2a14e70144c1a4dff611472a6213b8dbdb7996c0029caa48c80e3/botocore-1.39.9-py3-none-any.whl", hash = "sha256:a9691cbe03a3bc8b2720b3c36e5c5a2eecace6acd72bfb1107f00e75edaec4f3", size = 13874123, upload-time = "2025-07-18T19:22:33.422Z" },
]

[[package]]
name = "botocore-stubs"
version = "1.38.46"
source = { registry = "https://pypi.org/simple" }
dependencies = [
    { name = "types-awscrt" },
]
sdist = { url = "https://files.pythonhosted.org/packages/05/45/27cabc7c3022dcb12de5098cc646b374065f5e72fae13600ff1756f365ee/botocore_stubs-1.38.46.tar.gz", hash = "sha256:a04e69766ab8bae338911c1897492f88d05cd489cd75f06e6eb4f135f9da8c7b", size = 42299, upload-time = "2025-06-29T22:58:24.765Z" }
wheels = [
    { url = "https://files.pythonhosted.org/packages/cc/84/06490071e26bab22ac79a684e98445df118adcf80c58c33ba5af184030f2/botocore_stubs-1.38.46-py3-none-any.whl", hash = "sha256:cc21d9a7dd994bdd90872db4664d817c4719b51cda8004fd507a4bf65b085a75", size = 66083, upload-time = "2025-06-29T22:58:22.234Z" },
]

[[package]]
name = "jmespath"
version = "1.0.1"
source = { registry = "https://pypi.org/simple" }
sdist = { url = "https://files.pythonhosted.org/packages/00/2a/e867e8531cf3e36b41201936b7fa7ba7b5702dbef42922193f05c8976cd6/jmespath-1.0.1.tar.gz", hash = "sha256:90261b206d6defd58fdd5e85f478bf633a2901798906be2ad389150c5c60edbe", size = 25843, upload-time = "2022-06-17T18:00:12.224Z" }
wheels = [
    { url = "https://files.pythonhosted.org/packages/31/b4/b9b800c45527aadd64d5b442f9b932b00648617eb5d63d2c7a6587b7cafc/jmespath-1.0.1-py3-none-any.whl", hash = "sha256:02e2e4cc71b5bcab88332eebf907519190dd9e6e82107fa7f83b1003a6252980", size = 20256, upload-time = "2022-06-17T18:00:10.251Z" },
]

[[package]]
name = "myllmet"
version = "0.1.0"
source = { virtual = "." }
dependencies = [
    { name = "boto3" },
]

[package.dev-dependencies]
dev = [
    { name = "boto3-stubs", extra = ["bedrock"] },
]

[package.metadata]
requires-dist = [{ name = "boto3", specifier = ">=1.39.0,<2.0" }]

[package.metadata.requires-dev]
dev = [{ name = "boto3-stubs", extras = ["bedrock"], specifier = ">=1.39.0,<2.0" }]

[[package]]
name = "mypy-boto3-bedrock"
version = "1.39.7"
source = { registry = "https://pypi.org/simple" }
sdist = { url = "https://files.pythonhosted.org/packages/d8/66/9bb9a978378e3ac0374587d79b60b4e8a346642efefb27363333fe5af303/mypy_boto3_bedrock-1.39.7.tar.gz", hash = "sha256:f106ba7032088f0c78e8245d1728e060befba2d6c1c5bbd0dc996e0b385f6c26", size = 47691, upload-time = "2025-07-16T16:45:50.44Z" }
wheels = [
    { url = "https://files.pythonhosted.org/packages/1e/8e/b95b82a943845f83eace662f3115f12e71db0a1b9ae4f4216cbee3ca4f5e/mypy_boto3_bedrock-1.39.7-py3-none-any.whl", hash = "sha256:0b01c18932af1b27cfe75726a5ae1247689ececa2b31350685d10eaf4a11d7ed", size = 53785, upload-time = "2025-07-16T16:45:27.941Z" },
]

[[package]]
name = "python-dateutil"
version = "2.9.0.post0"
source = { registry = "https://pypi.org/simple" }
dependencies = [
    { name = "six" },
]
sdist = { url = "https://files.pythonhosted.org/packages/66/c0/0c8b6ad9f17a802ee498c46e004a0eb49bc148f2fd230864601a86dcf6db/python-dateutil-2.9.0.post0.tar.gz", hash = "sha256:37dd54208da7e1cd875388217d5e00ebd4179249f90fb72437e91a35459a0ad3", size = 342432, upload-time = "2024-03-01T18:36:20.211Z" }
wheels = [
    { url = "https://files.pythonhosted.org/packages/ec/57/56b9bcc3c9c6a792fcbaf139543cee77261f3651ca9da0c93f5c1221264b/python_dateutil-2.9.0.post0-py2.py3-none-any.whl", hash = "sha256:a8b2bc7bffae282281c8140a97d3aa9c14da0b136dfe83f850eea9a5f7470427", size = 229892, upload-time = "2024-03-01T18:36:18.57Z" },
]

[[package]]
name = "s3transfer"
version = "0.13.1"
source = { registry = "https://pypi.org/simple" }
dependencies = [
    { name = "botocore" },
]
sdist = { url = "https://files.pythonhosted.org/packages/6d/05/d52bf1e65044b4e5e27d4e63e8d1579dbdec54fce685908ae09bc3720030/s3transfer-0.13.1.tar.gz", hash = "sha256:c3fdba22ba1bd367922f27ec8032d6a1cf5f10c934fb5d68cf60fd5a23d936cf", size = 150589, upload-time = "2025-07-18T19:22:42.31Z" }
wheels = [
    { url = "https://files.pythonhosted.org/packages/6d/4f/d073e09df851cfa251ef7840007d04db3293a0482ce607d2b993926089be/s3transfer-0.13.1-py3-none-any.whl", hash = "sha256:a981aa7429be23fe6dfc13e80e4020057cbab622b08c0315288758d67cabc724", size = 85308, upload-time = "2025-07-18T19:22:40.947Z" },
]

[[package]]
name = "six"
version = "1.17.0"
source = { registry = "https://pypi.org/simple" }
sdist = { url = "https://files.pythonhosted.org/packages/94/e7/b2c673351809dca68a0e064b6af791aa332cf192da575fd474ed7d6f16a2/six-1.17.0.tar.gz", hash = "sha256:ff70335d468e7eb6ec65b95b99d3a2836546063f63acc5171de367e834932a81", size = 34031, upload-time = "2024-12-04T17:35:28.174Z" }
wheels = [
    { url = "https://files.pythonhosted.org/packages/b7/ce/149a00dd41f10bc29e5921b496af8b574d8413afcd5e30dfa0ed46c2cc5e/six-1.17.0-py2.py3-none-any.whl", hash = "sha256:4721f391ed90541fddacab5acf947aa0d3dc7d27b2e1e8eda2be8970586c3274", size = 11050, upload-time = "2024-12-04T17:35:26.475Z" },
]

[[package]]
name = "types-awscrt"
version = "0.27.4"
source = { registry = "https://pypi.org/simple" }
sdist = { url = "https://files.pythonhosted.org/packages/94/95/02564024f8668feab6733a2c491005b5281b048b3d0573510622cbcd9fd4/types_awscrt-0.27.4.tar.gz", hash = "sha256:c019ba91a097e8a31d6948f6176ede1312963f41cdcacf82482ac877cbbcf390", size = 16941, upload-time = "2025-06-29T22:58:04.756Z" }
wheels = [
    { url = "https://files.pythonhosted.org/packages/d4/40/cb4d04df4ac3520858f5b397a4ab89f34be2601000002a26edd8ddc0cac5/types_awscrt-0.27.4-py3-none-any.whl", hash = "sha256:a8c4b9d9ae66d616755c322aba75ab9bd793c6fef448917e6de2e8b8cdf66fb4", size = 39626, upload-time = "2025-06-29T22:58:03.157Z" },
]

[[package]]
name = "types-s3transfer"
version = "0.13.0"
source = { registry = "https://pypi.org/simple" }
sdist = { url = "https://files.pythonhosted.org/packages/42/c1/45038f259d6741c252801044e184fec4dbaeff939a58f6160d7c32bf4975/types_s3transfer-0.13.0.tar.gz", hash = "sha256:203dadcb9865c2f68fb44bc0440e1dc05b79197ba4a641c0976c26c9af75ef52", size = 14175, upload-time = "2025-05-28T02:16:07.614Z" }
wheels = [
    { url = "https://files.pythonhosted.org/packages/c8/5d/6bbe4bf6a79fb727945291aef88b5ecbdba857a603f1bbcf1a6be0d3f442/types_s3transfer-0.13.0-py3-none-any.whl", hash = "sha256:79c8375cbf48a64bff7654c02df1ec4b20d74f8c5672fc13e382f593ca5565b3", size = 19588, upload-time = "2025-05-28T02:16:06.709Z" },
]

[[package]]
name = "urllib3"
version = "2.5.0"
source = { registry = "https://pypi.org/simple" }
sdist = { url = "https://files.pythonhosted.org/packages/15/22/9ee70a2574a4f4599c47dd506532914ce044817c7752a79b6a51286319bc/urllib3-2.5.0.tar.gz", hash = "sha256:3fc47733c7e419d4bc3f6b3dc2b4f890bb743906a30d56ba4a5bfa4bbff92760", size = 393185, upload-time = "2025-06-18T14:07:41.644Z" }
wheels = [
    { url = "https://files.pythonhosted.org/packages/a7/c2/fe1e52489ae3122415c51f387e221dd0773709bad6c6cdaa599e8a2c5185/urllib3-2.5.0-py3-none-any.whl", hash = "sha256:e6b01673c0fa6a13e374b50871808eb3bf7046c4b125b216f6bf1cc604cff0dc", size = 129795, upload-time = "2025-06-18T14:07:40.39Z" },
]
